
Microsoft Visual Studio Solution File, Format Version 12.00
# Visual Studio 2013
VisualStudioVersion = 12.0.40629.0
MinimumVisualStudioVersion = 10.0.40219.1
Project("{FAE04EC0-301F-11D3-BF4B-00C04F79EFBC}") = "Mages.Core", "Mages.Core\Mages.Core.csproj", "{B0698A2A-BFE9-4568-9055-82302F325452}"
EndProject
Project("{FAE04EC0-301F-11D3-BF4B-00C04F79EFBC}") = "Mages.Core.Tests", "Mages.Core.Tests\Mages.Core.Tests.csproj", "{72E0C8E6-8853-4919-8280-F792B647031F}"
EndProject
Project("{FAE04EC0-301F-11D3-BF4B-00C04F79EFBC}") = "Mages.Repl", "Mages.Repl\Mages.Repl.csproj", "{027A32F7-4411-4083-AA01-0550EEA0E5A3}"
	ProjectSection(ProjectDependencies) = postProject
		{18E9CD99-8F61-4E77-A59A-8EFDC588042E} = {18E9CD99-8F61-4E77-A59A-8EFDC588042E}
	EndProjectSection
EndProject
Project("{FAE04EC0-301F-11D3-BF4B-00C04F79EFBC}") = "Mages.Core.Performance", "Mages.Core.Performance\Mages.Core.Performance.csproj", "{15B324FD-3EE3-467A-BDDA-A6F571FEA4C8}"
EndProject
Project("{FAE04EC0-301F-11D3-BF4B-00C04F79EFBC}") = "Mages.Repl.Installer", "Mages.Repl.Installer\Mages.Repl.Installer.csproj", "{2239BDD1-07B4-44B0-A6DB-ED4C69B8797C}"
EndProject
Project("{FAE04EC0-301F-11D3-BF4B-00C04F79EFBC}") = "Mages.Plugins.LinearAlgebra", "Mages.Plugins.LinearAlgebra\Mages.Plugins.LinearAlgebra.csproj", "{84965E3E-B7E6-49E7-ADF1-46A3CB7EBEA6}"
EndProject
Project("{FAE04EC0-301F-11D3-BF4B-00C04F79EFBC}") = "Mages.Plugins.FileSystem", "Mages.Plugins.FileSystem\Mages.Plugins.FileSystem.csproj", "{DF8D8E0E-87BC-4B70-8560-14B2DE02C424}"
EndProject
Project("{FAE04EC0-301F-11D3-BF4B-00C04F79EFBC}") = "Mages.Plugins.Draw", "Mages.Plugins.Draw\Mages.Plugins.Draw.csproj", "{D9A3AF85-2B7F-4240-BBB4-54A75A599EFC}"
EndProject
Project("{FAE04EC0-301F-11D3-BF4B-00C04F79EFBC}") = "Mages.Plugins.Plots", "Mages.Plugins.Plots\Mages.Plugins.Plots.csproj", "{152E57B3-2AC2-434C-9695-73BB91E9D772}"
EndProject
Project("{FAE04EC0-301F-11D3-BF4B-00C04F79EFBC}") = "Mages.Plugins.Random", "Mages.Plugins.Random\Mages.Plugins.Random.csproj", "{75FC4F51-4BB7-4F30-A0CA-80D91A5BDD62}"
EndProject
Project("{FAE04EC0-301F-11D3-BF4B-00C04F79EFBC}") = "Mages.Plugins.Modules", "Mages.Plugins.Modules\Mages.Plugins.Modules.csproj", "{16E1BAF8-6CE0-404F-85D8-E8841CC48ECA}"
EndProject
Project("{FAE04EC0-301F-11D3-BF4B-00C04F79EFBC}") = "Mages.Plugins.Common", "Mages.Plugins.Common\Mages.Plugins.Common.csproj", "{62F70CC4-CAC2-4477-8E72-39366D185B68}"
EndProject
Project("{FAE04EC0-301F-11D3-BF4B-00C04F79EFBC}") = "Mages.Repl.Tests", "Mages.Repl.Tests\Mages.Repl.Tests.csproj", "{92BAD61F-F5B6-4E6D-A34A-939B994B2910}"
EndProject
Project("{FAE04EC0-301F-11D3-BF4B-00C04F79EFBC}") = "Mages.Repl.Base", "Mages.Repl.Base\Mages.Repl.Base.csproj", "{18E9CD99-8F61-4E77-A59A-8EFDC588042E}"
EndProject
Global
	GlobalSection(SolutionConfigurationPlatforms) = preSolution
		Debug|Any CPU = Debug|Any CPU
		Release|Any CPU = Release|Any CPU
	EndGlobalSection
	GlobalSection(ProjectConfigurationPlatforms) = postSolution
		{B0698A2A-BFE9-4568-9055-82302F325452}.Debug|Any CPU.ActiveCfg = Debug|Any CPU
		{B0698A2A-BFE9-4568-9055-82302F325452}.Debug|Any CPU.Build.0 = Debug|Any CPU
		{B0698A2A-BFE9-4568-9055-82302F325452}.Release|Any CPU.ActiveCfg = Release|Any CPU
		{B0698A2A-BFE9-4568-9055-82302F325452}.Release|Any CPU.Build.0 = Release|Any CPU
		{72E0C8E6-8853-4919-8280-F792B647031F}.Debug|Any CPU.ActiveCfg = Debug|Any CPU
		{72E0C8E6-8853-4919-8280-F792B647031F}.Debug|Any CPU.Build.0 = Debug|Any CPU
		{72E0C8E6-8853-4919-8280-F792B647031F}.Release|Any CPU.ActiveCfg = Release|Any CPU
		{72E0C8E6-8853-4919-8280-F792B647031F}.Release|Any CPU.Build.0 = Release|Any CPU
		{027A32F7-4411-4083-AA01-0550EEA0E5A3}.Debug|Any CPU.ActiveCfg = Debug|Any CPU
		{027A32F7-4411-4083-AA01-0550EEA0E5A3}.Debug|Any CPU.Build.0 = Debug|Any CPU
		{027A32F7-4411-4083-AA01-0550EEA0E5A3}.Release|Any CPU.ActiveCfg = Release|Any CPU
		{027A32F7-4411-4083-AA01-0550EEA0E5A3}.Release|Any CPU.Build.0 = Release|Any CPU
		{15B324FD-3EE3-467A-BDDA-A6F571FEA4C8}.Debug|Any CPU.ActiveCfg = Debug|Any CPU
		{15B324FD-3EE3-467A-BDDA-A6F571FEA4C8}.Debug|Any CPU.Build.0 = Debug|Any CPU
		{15B324FD-3EE3-467A-BDDA-A6F571FEA4C8}.Release|Any CPU.ActiveCfg = Release|Any CPU
		{15B324FD-3EE3-467A-BDDA-A6F571FEA4C8}.Release|Any CPU.Build.0 = Release|Any CPU
		{2239BDD1-07B4-44B0-A6DB-ED4C69B8797C}.Debug|Any CPU.ActiveCfg = Debug|Any CPU
		{2239BDD1-07B4-44B0-A6DB-ED4C69B8797C}.Debug|Any CPU.Build.0 = Debug|Any CPU
		{2239BDD1-07B4-44B0-A6DB-ED4C69B8797C}.Release|Any CPU.ActiveCfg = Release|Any CPU
		{2239BDD1-07B4-44B0-A6DB-ED4C69B8797C}.Release|Any CPU.Build.0 = Release|Any CPU
		{84965E3E-B7E6-49E7-ADF1-46A3CB7EBEA6}.Debug|Any CPU.ActiveCfg = Debug|Any CPU
		{84965E3E-B7E6-49E7-ADF1-46A3CB7EBEA6}.Debug|Any CPU.Build.0 = Debug|Any CPU
		{84965E3E-B7E6-49E7-ADF1-46A3CB7EBEA6}.Release|Any CPU.ActiveCfg = Release|Any CPU
		{84965E3E-B7E6-49E7-ADF1-46A3CB7EBEA6}.Release|Any CPU.Build.0 = Release|Any CPU
		{DF8D8E0E-87BC-4B70-8560-14B2DE02C424}.Debug|Any CPU.ActiveCfg = Debug|Any CPU
		{DF8D8E0E-87BC-4B70-8560-14B2DE02C424}.Debug|Any CPU.Build.0 = Debug|Any CPU
		{DF8D8E0E-87BC-4B70-8560-14B2DE02C424}.Release|Any CPU.ActiveCfg = Release|Any CPU
		{DF8D8E0E-87BC-4B70-8560-14B2DE02C424}.Release|Any CPU.Build.0 = Release|Any CPU
		{D9A3AF85-2B7F-4240-BBB4-54A75A599EFC}.Debug|Any CPU.ActiveCfg = Debug|Any CPU
		{D9A3AF85-2B7F-4240-BBB4-54A75A599EFC}.Debug|Any CPU.Build.0 = Debug|Any CPU
		{D9A3AF85-2B7F-4240-BBB4-54A75A599EFC}.Release|Any CPU.ActiveCfg = Release|Any CPU
		{D9A3AF85-2B7F-4240-BBB4-54A75A599EFC}.Release|Any CPU.Build.0 = Release|Any CPU
		{152E57B3-2AC2-434C-9695-73BB91E9D772}.Debug|Any CPU.ActiveCfg = Debug|Any CPU
		{152E57B3-2AC2-434C-9695-73BB91E9D772}.Debug|Any CPU.Build.0 = Debug|Any CPU
		{152E57B3-2AC2-434C-9695-73BB91E9D772}.Release|Any CPU.ActiveCfg = Release|Any CPU
		{152E57B3-2AC2-434C-9695-73BB91E9D772}.Release|Any CPU.Build.0 = Release|Any CPU
		{75FC4F51-4BB7-4F30-A0CA-80D91A5BDD62}.Debug|Any CPU.ActiveCfg = Debug|Any CPU
		{75FC4F51-4BB7-4F30-A0CA-80D91A5BDD62}.Debug|Any CPU.Build.0 = Debug|Any CPU
		{75FC4F51-4BB7-4F30-A0CA-80D91A5BDD62}.Release|Any CPU.ActiveCfg = Release|Any CPU
		{75FC4F51-4BB7-4F30-A0CA-80D91A5BDD62}.Release|Any CPU.Build.0 = Release|Any CPU
		{16E1BAF8-6CE0-404F-85D8-E8841CC48ECA}.Debug|Any CPU.ActiveCfg = Debug|Any CPU
		{16E1BAF8-6CE0-404F-85D8-E8841CC48ECA}.Debug|Any CPU.Build.0 = Debug|Any CPU
		{16E1BAF8-6CE0-404F-85D8-E8841CC48ECA}.Release|Any CPU.ActiveCfg = Release|Any CPU
		{16E1BAF8-6CE0-404F-85D8-E8841CC48ECA}.Release|Any CPU.Build.0 = Release|Any CPU
		{62F70CC4-CAC2-4477-8E72-39366D185B68}.Debug|Any CPU.ActiveCfg = Debug|Any CPU
		{62F70CC4-CAC2-4477-8E72-39366D185B68}.Debug|Any CPU.Build.0 = Debug|Any CPU
		{62F70CC4-CAC2-4477-8E72-39366D185B68}.Release|Any CPU.ActiveCfg = Release|Any CPU
		{62F70CC4-CAC2-4477-8E72-39366D185B68}.Release|Any CPU.Build.0 = Release|Any CPU
		{92BAD61F-F5B6-4E6D-A34A-939B994B2910}.Debug|Any CPU.ActiveCfg = Debug|Any CPU
		{92BAD61F-F5B6-4E6D-A34A-939B994B2910}.Debug|Any CPU.Build.0 = Debug|Any CPU
		{92BAD61F-F5B6-4E6D-A34A-939B994B2910}.Release|Any CPU.ActiveCfg = Release|Any CPU
		{92BAD61F-F5B6-4E6D-A34A-939B994B2910}.Release|Any CPU.Build.0 = Release|Any CPU
		{18E9CD99-8F61-4E77-A59A-8EFDC588042E}.Debug|Any CPU.ActiveCfg = Debug|Any CPU
		{18E9CD99-8F61-4E77-A59A-8EFDC588042E}.Debug|Any CPU.Build.0 = Debug|Any CPU
		{18E9CD99-8F61-4E77-A59A-8EFDC588042E}.Release|Any CPU.ActiveCfg = Release|Any CPU
		{18E9CD99-8F61-4E77-A59A-8EFDC588042E}.Release|Any CPU.Build.0 = Release|Any CPU
	EndGlobalSection
	GlobalSection(SolutionProperties) = preSolution
		HideSolutionNode = FALSE
	EndGlobalSection
EndGlobal
